
Microsoft Visual Studio Solution File, Format Version 12.00
# Visual Studio Version 16
VisualStudioVersion = 16.0.30204.135
MinimumVisualStudioVersion = 10.0.40219.1
Project("{9A19103F-16F7-4668-BE54-9A1E7A4F7556}") = "CS174FINALPROJECTLITSCHER", "CS174FINALPROJECTLITSCHER\CS174FINALPROJECTLITSCHER.csproj", "{34EB6D47-2BC9-4494-8F53-0ADAECA0866C}"
EndProject
Project("{9A19103F-16F7-4668-BE54-9A1E7A4F7556}") = "CS174FINALPROJECTLITSCHERTests", "CS174FINALPROJECTLITSCHERTests\CS174FINALPROJECTLITSCHERTests.csproj", "{6D261161-DCEB-4F25-948A-4957D6E53906}"
EndProject
Global
	GlobalSection(SolutionConfigurationPlatforms) = preSolution
		Debug|Any CPU = Debug|Any CPU
		Release|Any CPU = Release|Any CPU
	EndGlobalSection
	GlobalSection(ProjectConfigurationPlatforms) = postSolution
		{34EB6D47-2BC9-4494-8F53-0ADAECA0866C}.Debug|Any CPU.ActiveCfg = Debug|Any CPU
		{34EB6D47-2BC9-4494-8F53-0ADAECA0866C}.Debug|Any CPU.Build.0 = Debug|Any CPU
		{34EB6D47-2BC9-4494-8F53-0ADAECA0866C}.Release|Any CPU.ActiveCfg = Debug|Any CPU
		{34EB6D47-2BC9-4494-8F53-0ADAECA0866C}.Release|Any CPU.Build.0 = Debug|Any CPU
		{6D261161-DCEB-4F25-948A-4957D6E53906}.Debug|Any CPU.ActiveCfg = Debug|Any CPU
		{6D261161-DCEB-4F25-948A-4957D6E53906}.Debug|Any CPU.Build.0 = Debug|Any CPU
		{6D261161-DCEB-4F25-948A-4957D6E53906}.Release|Any CPU.ActiveCfg = Debug|Any CPU
		{6D261161-DCEB-4F25-948A-4957D6E53906}.Release|Any CPU.Build.0 = Debug|Any CPU
	EndGlobalSection
	GlobalSection(SolutionProperties) = preSolution
		HideSolutionNode = FALSE
	EndGlobalSection
	GlobalSection(ExtensibilityGlobals) = postSolution
		SolutionGuid = {48C76004-D7BA-4583-AC0F-C6B0EAC077A5}
	EndGlobalSection
EndGlobal
